Microsoft Visual Studio Solution File, Format Version 12.00
# Visual Studio Version 17
VisualStudioVersion = 17.1.32210.238
MinimumVisualStudioVersion = 10.0.40219.1
Project("{2150E333-8FDC-42A3-9474-1A3956D46DE8}") = "IDE", "IDE", "{507C0D83-3E4A-4B08-9550-653124D22E6D}"
EndProject
Project("{9A19103F-16F7-4668-BE54-9A1E7A4F7556}") = "IDE", "IDE\IDE.csproj", "{B158E3F6-DE87-4B5B-B4AA-8580B55A6F5B}"
EndProject
Project("{2150E333-8FDC-42A3-9474-1A3956D46DE8}") = "Unit Tests", "Unit Tests", "{8E363EDF-2B7D-467D-A35B-36892B35C959}"
EndProject
Project("{9A19103F-16F7-4668-BE54-9A1E7A4F7556}") = "IDE.Core.Model.Tests", "Unit.Tests\IDE.Core.Tests\IDE.Core.Model.Tests.csproj", "{A39061F1-6963-44F0-B531-CAD8F82B4E38}"
EndProject
Project("{9A19103F-16F7-4668-BE54-9A1E7A4F7556}") = "IDE.Resources", "IDE.Resources\IDE.Resources.csproj", "{266025D0-2558-4D53-879B-EDA2D19B0E1A}"
EndProject
Project("{9A19103F-16F7-4668-BE54-9A1E7A4F7556}") = "IDE.Core.Interfaces", "IDE.Core.Interfaces\IDE.Core.Interfaces.csproj", "{8985E2F7-E6A7-415D-B21D-AF0DB4990B5F}"
EndProject
Project("{9A19103F-16F7-4668-BE54-9A1E7A4F7556}") = "IDE.Core.Data", "IDE.Core.Data\IDE.Core.Data.csproj", "{2365913A-8453-426E-9B97-82FA7A6AC0BC}"
EndProject
Project("{9A19103F-16F7-4668-BE54-9A1E7A4F7556}") = "IDE.Core.Model", "IDE.Core.Model\IDE.Core.Model.csproj", "{D33C01D3-3DBA-4782-8A49-F0B98033F5C5}"
EndProject
Project("{9A19103F-16F7-4668-BE54-9A1E7A4F7556}") = "IDE.Core.Presentation", "IDE.Core.Presentation\IDE.Core.Presentation.csproj", "{C3EA8831-5206-455A-ABD9-6B1397A80F88}"
EndProject
Project("{9A19103F-16F7-4668-BE54-9A1E7A4F7556}") = "IDE.Core.Common", "IDE.Core.Common\IDE.Core.Common.csproj", "{3ED2BFAD-8858-43B1-9C16-00BB331497EF}"
EndProject
Project("{2150E333-8FDC-42A3-9474-1A3956D46DE8}") = "Solution Items", "Solution Items", "{1A99C8E0-0BB0-4C80-AD79-DA836F169A57}"
	ProjectSection(SolutionItems) = preProject
		.editorconfig = .editorconfig
		GlobalAssemblyInfo.cs = GlobalAssemblyInfo.cs
	EndProjectSection
EndProject
Project("{9A19103F-16F7-4668-BE54-9A1E7A4F7556}") = "IDE.Presentation", "IDE.Presentation\IDE.Presentation.csproj", "{D03CBDA1-0E31-49B0-8F65-08AFD4ECC8E9}"
EndProject
Project("{9A19103F-16F7-4668-BE54-9A1E7A4F7556}") = "IDE.Core.Data.Tests", "IDE.Core.Data.Tests\IDE.Core.Data.Tests.csproj", "{6082ADCF-FD9E-411B-B8E0-82DDB4ECDF08}"
EndProject
Project("{9A19103F-16F7-4668-BE54-9A1E7A4F7556}") = "IDE.Core.Types", "IDE.Core.Types\IDE.Core.Types.csproj", "{D6D58051-13C1-40CC-9185-B77EECDE756F}"
EndProject
Project("{9A19103F-16F7-4668-BE54-9A1E7A4F7556}") = "IDE.Controls.WPF", "IDE.Controls.WPF\IDE.Controls.WPF.csproj", "{79C5A5AE-A8BA-42B2-8865-198C60D210F6}"
EndProject
Project("{9A19103F-16F7-4668-BE54-9A1E7A4F7556}") = "IDE.Core.Common.Tests", "Unit.Tests\IDE.Core.Common.Tests\IDE.Core.Common.Tests.csproj", "{32C66945-7E01-4E13-9542-3DAADAC58E31}"
EndProject
Project("{9A19103F-16F7-4668-BE54-9A1E7A4F7556}") = "IDE.Core.Presentation.Tests", "Unit.Tests\IDE.Core.Presentation.Tests\IDE.Core.Presentation.Tests.csproj", "{BC04B7C1-508C-4519-97C7-69DC71C0565F}"
EndProject
Project("{9A19103F-16F7-4668-BE54-9A1E7A4F7556}") = "IDE.Core.Types.Tests", "Unit.Tests\IDE.Core.Types.Tests\IDE.Core.Types.Tests.csproj", "{C29320BA-470F-46D4-AFFD-2D3B3A6E2040}"
EndProject
Project("{9A19103F-16F7-4668-BE54-9A1E7A4F7556}") = "FirstFloor.ModernUI", "FirstFloor.ModernUI\FirstFloor.ModernUI.csproj", "{802F43E2-4213-4EC6-8322-5F588457AA60}"
EndProject
Project("{9A19103F-16F7-4668-BE54-9A1E7A4F7556}") = "IDE.Core.Modeling", "IDE.Core.Modeling\IDE.Core.Modeling.csproj", "{3B955C40-0BBC-4682-80B1-B43A7DAEE7EC}"
EndProject
Project("{9A19103F-16F7-4668-BE54-9A1E7A4F7556}") = "IDE.Core.Modeling.Tests", "Unit.Tests\IDE.Core.Modeling.Tests\IDE.Core.Modeling.Tests.csproj", "{E7E187DD-EEEA-4596-8505-480B9B826EF5}"
EndProject
Global
	GlobalSection(SolutionConfigurationPlatforms) = preSolution
		Debug|Any CPU = Debug|Any CPU
		Debug|Mixed = Debug|Mixed
		Debug|Mixed Platforms = Debug|Mixed Platforms
		Debug|x64 = Debug|x64
		Debug|x86 = Debug|x86
		Release|Any CPU = Release|Any CPU
		Release|Mixed = Release|Mixed
		Release|Mixed Platforms = Release|Mixed Platforms
		Release|x64 = Release|x64
		Release|x86 = Release|x86
	EndGlobalSection
	GlobalSection(ProjectConfigurationPlatforms) = postSolution
		{B158E3F6-DE87-4B5B-B4AA-8580B55A6F5B}.Debug|Any CPU.ActiveCfg = Debug|Any CPU
		{B158E3F6-DE87-4B5B-B4AA-8580B55A6F5B}.Debug|Any CPU.Build.0 = Debug|Any CPU
		{B158E3F6-DE87-4B5B-B4AA-8580B55A6F5B}.Debug|Mixed.ActiveCfg = Debug|Any CPU
		{B158E3F6-DE87-4B5B-B4AA-8580B55A6F5B}.Debug|Mixed.Build.0 = Debug|Any CPU
		{B158E3F6-DE87-4B5B-B4AA-8580B55A6F5B}.Debug|Mixed Platforms.ActiveCfg = Debug|Any CPU
		{B158E3F6-DE87-4B5B-B4AA-8580B55A6F5B}.Debug|Mixed Platforms.Build.0 = Debug|Any CPU
		{B158E3F6-DE87-4B5B-B4AA-8580B55A6F5B}.Debug|x64.ActiveCfg = Debug|Any CPU
		{B158E3F6-DE87-4B5B-B4AA-8580B55A6F5B}.Debug|x64.Build.0 = Debug|Any CPU
		{B158E3F6-DE87-4B5B-B4AA-8580B55A6F5B}.Debug|x86.ActiveCfg = Debug|Any CPU
		{B158E3F6-DE87-4B5B-B4AA-8580B55A6F5B}.Debug|x86.Build.0 = Debug|Any CPU
		{B158E3F6-DE87-4B5B-B4AA-8580B55A6F5B}.Release|Any CPU.ActiveCfg = Release|Any CPU
		{B158E3F6-DE87-4B5B-B4AA-8580B55A6F5B}.Release|Any CPU.Build.0 = Release|Any CPU
		{B158E3F6-DE87-4B5B-B4AA-8580B55A6F5B}.Release|Mixed.ActiveCfg = Release|Any CPU
		{B158E3F6-DE87-4B5B-B4AA-8580B55A6F5B}.Release|Mixed.Build.0 = Release|Any CPU
		{B158E3F6-DE87-4B5B-B4AA-8580B55A6F5B}.Release|Mixed Platforms.ActiveCfg = Release|Any CPU
		{B158E3F6-DE87-4B5B-B4AA-8580B55A6F5B}.Release|Mixed Platforms.Build.0 = Release|Any CPU
		{B158E3F6-DE87-4B5B-B4AA-8580B55A6F5B}.Release|x64.ActiveCfg = Release|Any CPU
		{B158E3F6-DE87-4B5B-B4AA-8580B55A6F5B}.Release|x64.Build.0 = Release|Any CPU
		{B158E3F6-DE87-4B5B-B4AA-8580B55A6F5B}.Release|x86.ActiveCfg = Release|Any CPU
		{B158E3F6-DE87-4B5B-B4AA-8580B55A6F5B}.Release|x86.Build.0 = Release|Any CPU
		{A39061F1-6963-44F0-B531-CAD8F82B4E38}.Debug|Any CPU.ActiveCfg = Debug|Any CPU
		{A39061F1-6963-44F0-B531-CAD8F82B4E38}.Debug|Any CPU.Build.0 = Debug|Any CPU
		{A39061F1-6963-44F0-B531-CAD8F82B4E38}.Debug|Mixed.ActiveCfg = Debug|Any CPU
		{A39061F1-6963-44F0-B531-CAD8F82B4E38}.Debug|Mixed.Build.0 = Debug|Any CPU
		{A39061F1-6963-44F0-B531-CAD8F82B4E38}.Debug|Mixed Platforms.ActiveCfg = Debug|Any CPU
		{A39061F1-6963-44F0-B531-CAD8F82B4E38}.Debug|Mixed Platforms.Build.0 = Debug|Any CPU
		{A39061F1-6963-44F0-B531-CAD8F82B4E38}.Debug|x64.ActiveCfg = Debug|Any CPU
		{A39061F1-6963-44F0-B531-CAD8F82B4E38}.Debug|x64.Build.0 = Debug|Any CPU
		{A39061F1-6963-44F0-B531-CAD8F82B4E38}.Debug|x86.ActiveCfg = Debug|Any CPU
		{A39061F1-6963-44F0-B531-CAD8F82B4E38}.Debug|x86.Build.0 = Debug|Any CPU
		{A39061F1-6963-44F0-B531-CAD8F82B4E38}.Release|Any CPU.ActiveCfg = Release|Any CPU
		{A39061F1-6963-44F0-B531-CAD8F82B4E38}.Release|Any CPU.Build.0 = Release|Any CPU
		{A39061F1-6963-44F0-B531-CAD8F82B4E38}.Release|Mixed.ActiveCfg = Release|Any CPU
		{A39061F1-6963-44F0-B531-CAD8F82B4E38}.Release|Mixed.Build.0 = Release|Any CPU
		{A39061F1-6963-44F0-B531-CAD8F82B4E38}.Release|Mixed Platforms.ActiveCfg = Release|Any CPU
		{A39061F1-6963-44F0-B531-CAD8F82B4E38}.Release|Mixed Platforms.Build.0 = Release|Any CPU
		{A39061F1-6963-44F0-B531-CAD8F82B4E38}.Release|x64.ActiveCfg = Release|Any CPU
		{A39061F1-6963-44F0-B531-CAD8F82B4E38}.Release|x64.Build.0 = Release|Any CPU
		{A39061F1-6963-44F0-B531-CAD8F82B4E38}.Release|x86.ActiveCfg = Release|Any CPU
		{A39061F1-6963-44F0-B531-CAD8F82B4E38}.Release|x86.Build.0 = Release|Any CPU
		{266025D0-2558-4D53-879B-EDA2D19B0E1A}.Debug|Any CPU.ActiveCfg = Debug|Any CPU
		{266025D0-2558-4D53-879B-EDA2D19B0E1A}.Debug|Any CPU.Build.0 = Debug|Any CPU
		{266025D0-2558-4D53-879B-EDA2D19B0E1A}.Debug|Mixed.ActiveCfg = Debug|Any CPU
		{266025D0-2558-4D53-879B-EDA2D19B0E1A}.Debug|Mixed.Build.0 = Debug|Any CPU
		{266025D0-2558-4D53-879B-EDA2D19B0E1A}.Debug|Mixed Platforms.ActiveCfg = Debug|Any CPU
		{266025D0-2558-4D53-879B-EDA2D19B0E1A}.Debug|Mixed Platforms.Build.0 = Debug|Any CPU
		{266025D0-2558-4D53-879B-EDA2D19B0E1A}.Debug|x64.ActiveCfg = Debug|Any CPU
		{266025D0-2558-4D53-879B-EDA2D19B0E1A}.Debug|x64.Build.0 = Debug|Any CPU
		{266025D0-2558-4D53-879B-EDA2D19B0E1A}.Debug|x86.ActiveCfg = Debug|Any CPU
		{266025D0-2558-4D53-879B-EDA2D19B0E1A}.Debug|x86.Build.0 = Debug|Any CPU
		{266025D0-2558-4D53-879B-EDA2D19B0E1A}.Release|Any CPU.ActiveCfg = Release|Any CPU
		{266025D0-2558-4D53-879B-EDA2D19B0E1A}.Release|Any CPU.Build.0 = Release|Any CPU
		{266025D0-2558-4D53-879B-EDA2D19B0E1A}.Release|Mixed.ActiveCfg = Release|Any CPU
		{266025D0-2558-4D53-879B-EDA2D19B0E1A}.Release|Mixed.Build.0 = Release|Any CPU
		{266025D0-2558-4D53-879B-EDA2D19B0E1A}.Release|Mixed Platforms.ActiveCfg = Release|Any CPU
		{266025D0-2558-4D53-879B-EDA2D19B0E1A}.Release|Mixed Platforms.Build.0 = Release|Any CPU
		{266025D0-2558-4D53-879B-EDA2D19B0E1A}.Release|x64.ActiveCfg = Release|Any CPU
		{266025D0-2558-4D53-879B-EDA2D19B0E1A}.Release|x64.Build.0 = Release|Any CPU
		{266025D0-2558-4D53-879B-EDA2D19B0E1A}.Release|x86.ActiveCfg = Release|Any CPU
		{266025D0-2558-4D53-879B-EDA2D19B0E1A}.Release|x86.Build.0 = Release|Any CPU
		{8985E2F7-E6A7-415D-B21D-AF0DB4990B5F}.Debug|Any CPU.ActiveCfg = Debug|Any CPU
		{8985E2F7-E6A7-415D-B21D-AF0DB4990B5F}.Debug|Any CPU.Build.0 = Debug|Any CPU
		{8985E2F7-E6A7-415D-B21D-AF0DB4990B5F}.Debug|Mixed.ActiveCfg = Debug|Any CPU
		{8985E2F7-E6A7-415D-B21D-AF0DB4990B5F}.Debug|Mixed.Build.0 = Debug|Any CPU
		{8985E2F7-E6A7-415D-B21D-AF0DB4990B5F}.Debug|Mixed Platforms.ActiveCfg = Debug|Any CPU
		{8985E2F7-E6A7-415D-B21D-AF0DB4990B5F}.Debug|Mixed Platforms.Build.0 = Debug|Any CPU
		{8985E2F7-E6A7-415D-B21D-AF0DB4990B5F}.Debug|x64.ActiveCfg = Debug|Any CPU
		{8985E2F7-E6A7-415D-B21D-AF0DB4990B5F}.Debug|x64.Build.0 = Debug|Any CPU
		{8985E2F7-E6A7-415D-B21D-AF0DB4990B5F}.Debug|x86.ActiveCfg = Debug|Any CPU
		{8985E2F7-E6A7-415D-B21D-AF0DB4990B5F}.Debug|x86.Build.0 = Debug|Any CPU
		{8985E2F7-E6A7-415D-B21D-AF0DB4990B5F}.Release|Any CPU.ActiveCfg = Release|Any CPU
		{8985E2F7-E6A7-415D-B21D-AF0DB4990B5F}.Release|Any CPU.Build.0 = Release|Any CPU
		{8985E2F7-E6A7-415D-B21D-AF0DB4990B5F}.Release|Mixed.ActiveCfg = Release|Any CPU
		{8985E2F7-E6A7-415D-B21D-AF0DB4990B5F}.Release|Mixed.Build.0 = Release|Any CPU
		{8985E2F7-E6A7-415D-B21D-AF0DB4990B5F}.Release|Mixed Platforms.ActiveCfg = Release|Any CPU
		{8985E2F7-E6A7-415D-B21D-AF0DB4990B5F}.Release|Mixed Platforms.Build.0 = Release|Any CPU
		{8985E2F7-E6A7-415D-B21D-AF0DB4990B5F}.Release|x64.ActiveCfg = Release|Any CPU
		{8985E2F7-E6A7-415D-B21D-AF0DB4990B5F}.Release|x64.Build.0 = Release|Any CPU
		{8985E2F7-E6A7-415D-B21D-AF0DB4990B5F}.Release|x86.ActiveCfg = Release|Any CPU
		{8985E2F7-E6A7-415D-B21D-AF0DB4990B5F}.Release|x86.Build.0 = Release|Any CPU
		{2365913A-8453-426E-9B97-82FA7A6AC0BC}.Debug|Any CPU.ActiveCfg = Debug|Any CPU
		{2365913A-8453-426E-9B97-82FA7A6AC0BC}.Debug|Any CPU.Build.0 = Debug|Any CPU
		{2365913A-8453-426E-9B97-82FA7A6AC0BC}.Debug|Mixed.ActiveCfg = Debug|Any CPU
		{2365913A-8453-426E-9B97-82FA7A6AC0BC}.Debug|Mixed.Build.0 = Debug|Any CPU
		{2365913A-8453-426E-9B97-82FA7A6AC0BC}.Debug|Mixed Platforms.ActiveCfg = Debug|Any CPU
		{2365913A-8453-426E-9B97-82FA7A6AC0BC}.Debug|Mixed Platforms.Build.0 = Debug|Any CPU
		{2365913A-8453-426E-9B97-82FA7A6AC0BC}.Debug|x64.ActiveCfg = Debug|Any CPU
		{2365913A-8453-426E-9B97-82FA7A6AC0BC}.Debug|x64.Build.0 = Debug|Any CPU
		{2365913A-8453-426E-9B97-82FA7A6AC0BC}.Debug|x86.ActiveCfg = Debug|Any CPU
		{2365913A-8453-426E-9B97-82FA7A6AC0BC}.Debug|x86.Build.0 = Debug|Any CPU
		{2365913A-8453-426E-9B97-82FA7A6AC0BC}.Release|Any CPU.ActiveCfg = Release|Any CPU
		{2365913A-8453-426E-9B97-82FA7A6AC0BC}.Release|Any CPU.Build.0 = Release|Any CPU
		{2365913A-8453-426E-9B97-82FA7A6AC0BC}.Release|Mixed.ActiveCfg = Release|Any CPU
		{2365913A-8453-426E-9B97-82FA7A6AC0BC}.Release|Mixed.Build.0 = Release|Any CPU
		{2365913A-8453-426E-9B97-82FA7A6AC0BC}.Release|Mixed Platforms.ActiveCfg = Release|Any CPU
		{2365913A-8453-426E-9B97-82FA7A6AC0BC}.Release|Mixed Platforms.Build.0 = Release|Any CPU
		{2365913A-8453-426E-9B97-82FA7A6AC0BC}.Release|x64.ActiveCfg = Release|Any CPU
		{2365913A-8453-426E-9B97-82FA7A6AC0BC}.Release|x64.Build.0 = Release|Any CPU
		{2365913A-8453-426E-9B97-82FA7A6AC0BC}.Release|x86.ActiveCfg = Release|Any CPU
		{2365913A-8453-426E-9B97-82FA7A6AC0BC}.Release|x86.Build.0 = Release|Any CPU
		{D33C01D3-3DBA-4782-8A49-F0B98033F5C5}.Debug|Any CPU.ActiveCfg = Debug|Any CPU
		{D33C01D3-3DBA-4782-8A49-F0B98033F5C5}.Debug|Any CPU.Build.0 = Debug|Any CPU
		{D33C01D3-3DBA-4782-8A49-F0B98033F5C5}.Debug|Mixed.ActiveCfg = Debug|Any CPU
		{D33C01D3-3DBA-4782-8A49-F0B98033F5C5}.Debug|Mixed.Build.0 = Debug|Any CPU
		{D33C01D3-3DBA-4782-8A49-F0B98033F5C5}.Debug|Mixed Platforms.ActiveCfg = Debug|Any CPU
		{D33C01D3-3DBA-4782-8A49-F0B98033F5C5}.Debug|Mixed Platforms.Build.0 = Debug|Any CPU
		{D33C01D3-3DBA-4782-8A49-F0B98033F5C5}.Debug|x64.ActiveCfg = Debug|Any CPU
		{D33C01D3-3DBA-4782-8A49-F0B98033F5C5}.Debug|x64.Build.0 = Debug|Any CPU
		{D33C01D3-3DBA-4782-8A49-F0B98033F5C5}.Debug|x86.ActiveCfg = Debug|Any CPU
		{D33C01D3-3DBA-4782-8A49-F0B98033F5C5}.Debug|x86.Build.0 = Debug|Any CPU
		{D33C01D3-3DBA-4782-8A49-F0B98033F5C5}.Release|Any CPU.ActiveCfg = Release|Any CPU
		{D33C01D3-3DBA-4782-8A49-F0B98033F5C5}.Release|Any CPU.Build.0 = Release|Any CPU
		{D33C01D3-3DBA-4782-8A49-F0B98033F5C5}.Release|Mixed.ActiveCfg = Release|Any CPU
		{D33C01D3-3DBA-4782-8A49-F0B98033F5C5}.Release|Mixed.Build.0 = Release|Any CPU
		{D33C01D3-3DBA-4782-8A49-F0B98033F5C5}.Release|Mixed Platforms.ActiveCfg = Release|Any CPU
		{D33C01D3-3DBA-4782-8A49-F0B98033F5C5}.Release|Mixed Platforms.Build.0 = Release|Any CPU
		{D33C01D3-3DBA-4782-8A49-F0B98033F5C5}.Release|x64.ActiveCfg = Release|Any CPU
		{D33C01D3-3DBA-4782-8A49-F0B98033F5C5}.Release|x64.Build.0 = Release|Any CPU
		{D33C01D3-3DBA-4782-8A49-F0B98033F5C5}.Release|x86.ActiveCfg = Release|Any CPU
		{D33C01D3-3DBA-4782-8A49-F0B98033F5C5}.Release|x86.Build.0 = Release|Any CPU
		{C3EA8831-5206-455A-ABD9-6B1397A80F88}.Debug|Any CPU.ActiveCfg = Debug|Any CPU
		{C3EA8831-5206-455A-ABD9-6B1397A80F88}.Debug|Any CPU.Build.0 = Debug|Any CPU
		{C3EA8831-5206-455A-ABD9-6B1397A80F88}.Debug|Mixed.ActiveCfg = Debug|Any CPU
		{C3EA8831-5206-455A-ABD9-6B1397A80F88}.Debug|Mixed.Build.0 = Debug|Any CPU
		{C3EA8831-5206-455A-ABD9-6B1397A80F88}.Debug|Mixed Platforms.ActiveCfg = Debug|Any CPU
		{C3EA8831-5206-455A-ABD9-6B1397A80F88}.Debug|Mixed Platforms.Build.0 = Debug|Any CPU
		{C3EA8831-5206-455A-ABD9-6B1397A80F88}.Debug|x64.ActiveCfg = Debug|Any CPU
		{C3EA8831-5206-455A-ABD9-6B1397A80F88}.Debug|x64.Build.0 = Debug|Any CPU
		{C3EA8831-5206-455A-ABD9-6B1397A80F88}.Debug|x86.ActiveCfg = Debug|Any CPU
		{C3EA8831-5206-455A-ABD9-6B1397A80F88}.Debug|x86.Build.0 = Debug|Any CPU
		{C3EA8831-5206-455A-ABD9-6B1397A80F88}.Release|Any CPU.ActiveCfg = Release|Any CPU
		{C3EA8831-5206-455A-ABD9-6B1397A80F88}.Release|Any CPU.Build.0 = Release|Any CPU
		{C3EA8831-5206-455A-ABD9-6B1397A80F88}.Release|Mixed.ActiveCfg = Release|Any CPU
		{C3EA8831-5206-455A-ABD9-6B1397A80F88}.Release|Mixed.Build.0 = Release|Any CPU
		{C3EA8831-5206-455A-ABD9-6B1397A80F88}.Release|Mixed Platforms.ActiveCfg = Release|Any CPU
		{C3EA8831-5206-455A-ABD9-6B1397A80F88}.Release|Mixed Platforms.Build.0 = Release|Any CPU
		{C3EA8831-5206-455A-ABD9-6B1397A80F88}.Release|x64.ActiveCfg = Release|Any CPU
		{C3EA8831-5206-455A-ABD9-6B1397A80F88}.Release|x64.Build.0 = Release|Any CPU
		{C3EA8831-5206-455A-ABD9-6B1397A80F88}.Release|x86.ActiveCfg = Release|Any CPU
		{C3EA8831-5206-455A-ABD9-6B1397A80F88}.Release|x86.Build.0 = Release|Any CPU
		{3ED2BFAD-8858-43B1-9C16-00BB331497EF}.Debug|Any CPU.ActiveCfg = Debug|Any CPU
		{3ED2BFAD-8858-43B1-9C16-00BB331497EF}.Debug|Any CPU.Build.0 = Debug|Any CPU
		{3ED2BFAD-8858-43B1-9C16-00BB331497EF}.Debug|Mixed.ActiveCfg = Debug|Any CPU
		{3ED2BFAD-8858-43B1-9C16-00BB331497EF}.Debug|Mixed.Build.0 = Debug|Any CPU
		{3ED2BFAD-8858-43B1-9C16-00BB331497EF}.Debug|Mixed Platforms.ActiveCfg = Debug|Any CPU
		{3ED2BFAD-8858-43B1-9C16-00BB331497EF}.Debug|Mixed Platforms.Build.0 = Debug|Any CPU
		{3ED2BFAD-8858-43B1-9C16-00BB331497EF}.Debug|x64.ActiveCfg = Debug|Any CPU
		{3ED2BFAD-8858-43B1-9C16-00BB331497EF}.Debug|x64.Build.0 = Debug|Any CPU
		{3ED2BFAD-8858-43B1-9C16-00BB331497EF}.Debug|x86.ActiveCfg = Debug|Any CPU
		{3ED2BFAD-8858-43B1-9C16-00BB331497EF}.Debug|x86.Build.0 = Debug|Any CPU
		{3ED2BFAD-8858-43B1-9C16-00BB331497EF}.Release|Any CPU.ActiveCfg = Release|Any CPU
		{3ED2BFAD-8858-43B1-9C16-00BB331497EF}.Release|Any CPU.Build.0 = Release|Any CPU
		{3ED2BFAD-8858-43B1-9C16-00BB331497EF}.Release|Mixed.ActiveCfg = Release|Any CPU
		{3ED2BFAD-8858-43B1-9C16-00BB331497EF}.Release|Mixed.Build.0 = Release|Any CPU
		{3ED2BFAD-8858-43B1-9C16-00BB331497EF}.Release|Mixed Platforms.ActiveCfg = Release|Any CPU
		{3ED2BFAD-8858-43B1-9C16-00BB331497EF}.Release|Mixed Platforms.Build.0 = Release|Any CPU
		{3ED2BFAD-8858-43B1-9C16-00BB331497EF}.Release|x64.ActiveCfg = Release|Any CPU
		{3ED2BFAD-8858-43B1-9C16-00BB331497EF}.Release|x64.Build.0 = Release|Any CPU
		{3ED2BFAD-8858-43B1-9C16-00BB331497EF}.Release|x86.ActiveCfg = Release|Any CPU
		{3ED2BFAD-8858-43B1-9C16-00BB331497EF}.Release|x86.Build.0 = Release|Any CPU
		{D03CBDA1-0E31-49B0-8F65-08AFD4ECC8E9}.Debug|Any CPU.ActiveCfg = Debug|Any CPU
		{D03CBDA1-0E31-49B0-8F65-08AFD4ECC8E9}.Debug|Any CPU.Build.0 = Debug|Any CPU
		{D03CBDA1-0E31-49B0-8F65-08AFD4ECC8E9}.Debug|Mixed.ActiveCfg = Debug|Any CPU
		{D03CBDA1-0E31-49B0-8F65-08AFD4ECC8E9}.Debug|Mixed.Build.0 = Debug|Any CPU
		{D03CBDA1-0E31-49B0-8F65-08AFD4ECC8E9}.Debug|Mixed Platforms.ActiveCfg = Debug|Any CPU
		{D03CBDA1-0E31-49B0-8F65-08AFD4ECC8E9}.Debug|Mixed Platforms.Build.0 = Debug|Any CPU
		{D03CBDA1-0E31-49B0-8F65-08AFD4ECC8E9}.Debug|x64.ActiveCfg = Debug|Any CPU
		{D03CBDA1-0E31-49B0-8F65-08AFD4ECC8E9}.Debug|x64.Build.0 = Debug|Any CPU
		{D03CBDA1-0E31-49B0-8F65-08AFD4ECC8E9}.Debug|x86.ActiveCfg = Debug|Any CPU
		{D03CBDA1-0E31-49B0-8F65-08AFD4ECC8E9}.Debug|x86.Build.0 = Debug|Any CPU
		{D03CBDA1-0E31-49B0-8F65-08AFD4ECC8E9}.Release|Any CPU.ActiveCfg = Release|Any CPU
		{D03CBDA1-0E31-49B0-8F65-08AFD4ECC8E9}.Release|Any CPU.Build.0 = Release|Any CPU
		{D03CBDA1-0E31-49B0-8F65-08AFD4ECC8E9}.Release|Mixed.ActiveCfg = Release|Any CPU
		{D03CBDA1-0E31-49B0-8F65-08AFD4ECC8E9}.Release|Mixed.Build.0 = Release|Any CPU
		{D03CBDA1-0E31-49B0-8F65-08AFD4ECC8E9}.Release|Mixed Platforms.ActiveCfg = Release|Any CPU
		{D03CBDA1-0E31-49B0-8F65-08AFD4ECC8E9}.Release|Mixed Platforms.Build.0 = Release|Any CPU
		{D03CBDA1-0E31-49B0-8F65-08AFD4ECC8E9}.Release|x64.ActiveCfg = Release|Any CPU
		{D03CBDA1-0E31-49B0-8F65-08AFD4ECC8E9}.Release|x64.Build.0 = Release|Any CPU
		{D03CBDA1-0E31-49B0-8F65-08AFD4ECC8E9}.Release|x86.ActiveCfg = Release|Any CPU
		{D03CBDA1-0E31-49B0-8F65-08AFD4ECC8E9}.Release|x86.Build.0 = Release|Any CPU
		{6082ADCF-FD9E-411B-B8E0-82DDB4ECDF08}.Debug|Any CPU.ActiveCfg = Debug|Any CPU
		{6082ADCF-FD9E-411B-B8E0-82DDB4ECDF08}.Debug|Any CPU.Build.0 = Debug|Any CPU
		{6082ADCF-FD9E-411B-B8E0-82DDB4ECDF08}.Debug|Mixed.ActiveCfg = Debug|Any CPU
		{6082ADCF-FD9E-411B-B8E0-82DDB4ECDF08}.Debug|Mixed.Build.0 = Debug|Any CPU
		{6082ADCF-FD9E-411B-B8E0-82DDB4ECDF08}.Debug|Mixed Platforms.ActiveCfg = Debug|Any CPU
		{6082ADCF-FD9E-411B-B8E0-82DDB4ECDF08}.Debug|Mixed Platforms.Build.0 = Debug|Any CPU
		{6082ADCF-FD9E-411B-B8E0-82DDB4ECDF08}.Debug|x64.ActiveCfg = Debug|Any CPU
		{6082ADCF-FD9E-411B-B8E0-82DDB4ECDF08}.Debug|x64.Build.0 = Debug|Any CPU
		{6082ADCF-FD9E-411B-B8E0-82DDB4ECDF08}.Debug|x86.ActiveCfg = Debug|Any CPU
		{6082ADCF-FD9E-411B-B8E0-82DDB4ECDF08}.Debug|x86.Build.0 = Debug|Any CPU
		{6082ADCF-FD9E-411B-B8E0-82DDB4ECDF08}.Release|Any CPU.ActiveCfg = Release|Any CPU
		{6082ADCF-FD9E-411B-B8E0-82DDB4ECDF08}.Release|Any CPU.Build.0 = Release|Any CPU
		{6082ADCF-FD9E-411B-B8E0-82DDB4ECDF08}.Release|Mixed.ActiveCfg = Release|Any CPU
		{6082ADCF-FD9E-411B-B8E0-82DDB4ECDF08}.Release|Mixed.Build.0 = Release|Any CPU
		{6082ADCF-FD9E-411B-B8E0-82DDB4ECDF08}.Release|Mixed Platforms.ActiveCfg = Release|Any CPU
		{6082ADCF-FD9E-411B-B8E0-82DDB4ECDF08}.Release|Mixed Platforms.Build.0 = Release|Any CPU
		{6082ADCF-FD9E-411B-B8E0-82DDB4ECDF08}.Release|x64.ActiveCfg = Release|Any CPU
		{6082ADCF-FD9E-411B-B8E0-82DDB4ECDF08}.Release|x64.Build.0 = Release|Any CPU
		{6082ADCF-FD9E-411B-B8E0-82DDB4ECDF08}.Release|x86.ActiveCfg = Release|Any CPU
		{6082ADCF-FD9E-411B-B8E0-82DDB4ECDF08}.Release|x86.Build.0 = Release|Any CPU
		{D6D58051-13C1-40CC-9185-B77EECDE756F}.Debug|Any CPU.ActiveCfg = Debug|Any CPU
		{D6D58051-13C1-40CC-9185-B77EECDE756F}.Debug|Any CPU.Build.0 = Debug|Any CPU
		{D6D58051-13C1-40CC-9185-B77EECDE756F}.Debug|Mixed.ActiveCfg = Debug|Any CPU
		{D6D58051-13C1-40CC-9185-B77EECDE756F}.Debug|Mixed.Build.0 = Debug|Any CPU
		{D6D58051-13C1-40CC-9185-B77EECDE756F}.Debug|Mixed Platforms.ActiveCfg = Debug|Any CPU
		{D6D58051-13C1-40CC-9185-B77EECDE756F}.Debug|Mixed Platforms.Build.0 = Debug|Any CPU
		{D6D58051-13C1-40CC-9185-B77EECDE756F}.Debug|x64.ActiveCfg = Debug|Any CPU
		{D6D58051-13C1-40CC-9185-B77EECDE756F}.Debug|x64.Build.0 = Debug|Any CPU
		{D6D58051-13C1-40CC-9185-B77EECDE756F}.Debug|x86.ActiveCfg = Debug|Any CPU
		{D6D58051-13C1-40CC-9185-B77EECDE756F}.Debug|x86.Build.0 = Debug|Any CPU
		{D6D58051-13C1-40CC-9185-B77EECDE756F}.Release|Any CPU.ActiveCfg = Release|Any CPU
		{D6D58051-13C1-40CC-9185-B77EECDE756F}.Release|Any CPU.Build.0 = Release|Any CPU
		{D6D58051-13C1-40CC-9185-B77EECDE756F}.Release|Mixed.ActiveCfg = Release|Any CPU
		{D6D58051-13C1-40CC-9185-B77EECDE756F}.Release|Mixed.Build.0 = Release|Any CPU
		{D6D58051-13C1-40CC-9185-B77EECDE756F}.Release|Mixed Platforms.ActiveCfg = Release|Any CPU
		{D6D58051-13C1-40CC-9185-B77EECDE756F}.Release|Mixed Platforms.Build.0 = Release|Any CPU
		{D6D58051-13C1-40CC-9185-B77EECDE756F}.Release|x64.ActiveCfg = Release|Any CPU
		{D6D58051-13C1-40CC-9185-B77EECDE756F}.Release|x64.Build.0 = Release|Any CPU
		{D6D58051-13C1-40CC-9185-B77EECDE756F}.Release|x86.ActiveCfg = Release|Any CPU
		{D6D58051-13C1-40CC-9185-B77EECDE756F}.Release|x86.Build.0 = Release|Any CPU
		{79C5A5AE-A8BA-42B2-8865-198C60D210F6}.Debug|Any CPU.ActiveCfg = Debug|Any CPU
		{79C5A5AE-A8BA-42B2-8865-198C60D210F6}.Debug|Any CPU.Build.0 = Debug|Any CPU
		{79C5A5AE-A8BA-42B2-8865-198C60D210F6}.Debug|Mixed.ActiveCfg = Debug|Any CPU
		{79C5A5AE-A8BA-42B2-8865-198C60D210F6}.Debug|Mixed.Build.0 = Debug|Any CPU
		{79C5A5AE-A8BA-42B2-8865-198C60D210F6}.Debug|Mixed Platforms.ActiveCfg = Debug|Any CPU
		{79C5A5AE-A8BA-42B2-8865-198C60D210F6}.Debug|Mixed Platforms.Build.0 = Debug|Any CPU
		{79C5A5AE-A8BA-42B2-8865-198C60D210F6}.Debug|x64.ActiveCfg = Debug|Any CPU
		{79C5A5AE-A8BA-42B2-8865-198C60D210F6}.Debug|x64.Build.0 = Debug|Any CPU
		{79C5A5AE-A8BA-42B2-8865-198C60D210F6}.Debug|x86.ActiveCfg = Debug|Any CPU
		{79C5A5AE-A8BA-42B2-8865-198C60D210F6}.Debug|x86.Build.0 = Debug|Any CPU
		{79C5A5AE-A8BA-42B2-8865-198C60D210F6}.Release|Any CPU.ActiveCfg = Release|Any CPU
		{79C5A5AE-A8BA-42B2-8865-198C60D210F6}.Release|Any CPU.Build.0 = Release|Any CPU
		{79C5A5AE-A8BA-42B2-8865-198C60D210F6}.Release|Mixed.ActiveCfg = Release|Any CPU
		{79C5A5AE-A8BA-42B2-8865-198C60D210F6}.Release|Mixed.Build.0 = Release|Any CPU
		{79C5A5AE-A8BA-42B2-8865-198C60D210F6}.Release|Mixed Platforms.ActiveCfg = Release|Any CPU
		{79C5A5AE-A8BA-42B2-8865-198C60D210F6}.Release|Mixed Platforms.Build.0 = Release|Any CPU
		{79C5A5AE-A8BA-42B2-8865-198C60D210F6}.Release|x64.ActiveCfg = Release|Any CPU
		{79C5A5AE-A8BA-42B2-8865-198C60D210F6}.Release|x64.Build.0 = Release|Any CPU
		{79C5A5AE-A8BA-42B2-8865-198C60D210F6}.Release|x86.ActiveCfg = Release|Any CPU
		{79C5A5AE-A8BA-42B2-8865-198C60D210F6}.Release|x86.Build.0 = Release|Any CPU
		{32C66945-7E01-4E13-9542-3DAADAC58E31}.Debug|Any CPU.ActiveCfg = Debug|Any CPU
		{32C66945-7E01-4E13-9542-3DAADAC58E31}.Debug|Any CPU.Build.0 = Debug|Any CPU
		{32C66945-7E01-4E13-9542-3DAADAC58E31}.Debug|Mixed.ActiveCfg = Debug|Any CPU
		{32C66945-7E01-4E13-9542-3DAADAC58E31}.Debug|Mixed.Build.0 = Debug|Any CPU
		{32C66945-7E01-4E13-9542-3DAADAC58E31}.Debug|Mixed Platforms.ActiveCfg = Debug|Any CPU
		{32C66945-7E01-4E13-9542-3DAADAC58E31}.Debug|Mixed Platforms.Build.0 = Debug|Any CPU
		{32C66945-7E01-4E13-9542-3DAADAC58E31}.Debug|x64.ActiveCfg = Debug|Any CPU
		{32C66945-7E01-4E13-9542-3DAADAC58E31}.Debug|x64.Build.0 = Debug|Any CPU
		{32C66945-7E01-4E13-9542-3DAADAC58E31}.Debug|x86.ActiveCfg = Debug|Any CPU
		{32C66945-7E01-4E13-9542-3DAADAC58E31}.Debug|x86.Build.0 = Debug|Any CPU
		{32C66945-7E01-4E13-9542-3DAADAC58E31}.Release|Any CPU.ActiveCfg = Release|Any CPU
		{32C66945-7E01-4E13-9542-3DAADAC58E31}.Release|Any CPU.Build.0 = Release|Any CPU
		{32C66945-7E01-4E13-9542-3DAADAC58E31}.Release|Mixed.ActiveCfg = Release|Any CPU
		{32C66945-7E01-4E13-9542-3DAADAC58E31}.Release|Mixed.Build.0 = Release|Any CPU
		{32C66945-7E01-4E13-9542-3DAADAC58E31}.Release|Mixed Platforms.ActiveCfg = Release|Any CPU
		{32C66945-7E01-4E13-9542-3DAADAC58E31}.Release|Mixed Platforms.Build.0 = Release|Any CPU
		{32C66945-7E01-4E13-9542-3DAADAC58E31}.Release|x64.ActiveCfg = Release|Any CPU
		{32C66945-7E01-4E13-9542-3DAADAC58E31}.Release|x64.Build.0 = Release|Any CPU
		{32C66945-7E01-4E13-9542-3DAADAC58E31}.Release|x86.ActiveCfg = Release|Any CPU
		{32C66945-7E01-4E13-9542-3DAADAC58E31}.Release|x86.Build.0 = Release|Any CPU
		{BC04B7C1-508C-4519-97C7-69DC71C0565F}.Debug|Any CPU.ActiveCfg = Debug|Any CPU
		{BC04B7C1-508C-4519-97C7-69DC71C0565F}.Debug|Any CPU.Build.0 = Debug|Any CPU
		{BC04B7C1-508C-4519-97C7-69DC71C0565F}.Debug|Mixed.ActiveCfg = Debug|Any CPU
		{BC04B7C1-508C-4519-97C7-69DC71C0565F}.Debug|Mixed.Build.0 = Debug|Any CPU
		{BC04B7C1-508C-4519-97C7-69DC71C0565F}.Debug|Mixed Platforms.ActiveCfg = Debug|Any CPU
		{BC04B7C1-508C-4519-97C7-69DC71C0565F}.Debug|Mixed Platforms.Build.0 = Debug|Any CPU
		{BC04B7C1-508C-4519-97C7-69DC71C0565F}.Debug|x64.ActiveCfg = Debug|Any CPU
		{BC04B7C1-508C-4519-97C7-69DC71C0565F}.Debug|x64.Build.0 = Debug|Any CPU
		{BC04B7C1-508C-4519-97C7-69DC71C0565F}.Debug|x86.ActiveCfg = Debug|Any CPU
		{BC04B7C1-508C-4519-97C7-69DC71C0565F}.Debug|x86.Build.0 = Debug|Any CPU
		{BC04B7C1-508C-4519-97C7-69DC71C0565F}.Release|Any CPU.ActiveCfg = Release|Any CPU
		{BC04B7C1-508C-4519-97C7-69DC71C0565F}.Release|Any CPU.Build.0 = Release|Any CPU
		{BC04B7C1-508C-4519-97C7-69DC71C0565F}.Release|Mixed.ActiveCfg = Release|Any CPU
		{BC04B7C1-508C-4519-97C7-69DC71C0565F}.Release|Mixed.Build.0 = Release|Any CPU
		{BC04B7C1-508C-4519-97C7-69DC71C0565F}.Release|Mixed Platforms.ActiveCfg = Release|Any CPU
		{BC04B7C1-508C-4519-97C7-69DC71C0565F}.Release|Mixed Platforms.Build.0 = Release|Any CPU
		{BC04B7C1-508C-4519-97C7-69DC71C0565F}.Release|x64.ActiveCfg = Release|Any CPU
		{BC04B7C1-508C-4519-97C7-69DC71C0565F}.Release|x64.Build.0 = Release|Any CPU
		{BC04B7C1-508C-4519-97C7-69DC71C0565F}.Release|x86.ActiveCfg = Release|Any CPU
		{BC04B7C1-508C-4519-97C7-69DC71C0565F}.Release|x86.Build.0 = Release|Any CPU
		{C29320BA-470F-46D4-AFFD-2D3B3A6E2040}.Debug|Any CPU.ActiveCfg = Debug|Any CPU
		{C29320BA-470F-46D4-AFFD-2D3B3A6E2040}.Debug|Any CPU.Build.0 = Debug|Any CPU
		{C29320BA-470F-46D4-AFFD-2D3B3A6E2040}.Debug|Mixed.ActiveCfg = Debug|Any CPU
		{C29320BA-470F-46D4-AFFD-2D3B3A6E2040}.Debug|Mixed.Build.0 = Debug|Any CPU
		{C29320BA-470F-46D4-AFFD-2D3B3A6E2040}.Debug|Mixed Platforms.ActiveCfg = Debug|Any CPU
		{C29320BA-470F-46D4-AFFD-2D3B3A6E2040}.Debug|Mixed Platforms.Build.0 = Debug|Any CPU
		{C29320BA-470F-46D4-AFFD-2D3B3A6E2040}.Debug|x64.ActiveCfg = Debug|Any CPU
		{C29320BA-470F-46D4-AFFD-2D3B3A6E2040}.Debug|x64.Build.0 = Debug|Any CPU
		{C29320BA-470F-46D4-AFFD-2D3B3A6E2040}.Debug|x86.ActiveCfg = Debug|Any CPU
		{C29320BA-470F-46D4-AFFD-2D3B3A6E2040}.Debug|x86.Build.0 = Debug|Any CPU
		{C29320BA-470F-46D4-AFFD-2D3B3A6E2040}.Release|Any CPU.ActiveCfg = Release|Any CPU
		{C29320BA-470F-46D4-AFFD-2D3B3A6E2040}.Release|Any CPU.Build.0 = Release|Any CPU
		{C29320BA-470F-46D4-AFFD-2D3B3A6E2040}.Release|Mixed.ActiveCfg = Release|Any CPU
		{C29320BA-470F-46D4-AFFD-2D3B3A6E2040}.Release|Mixed.Build.0 = Release|Any CPU
		{C29320BA-470F-46D4-AFFD-2D3B3A6E2040}.Release|Mixed Platforms.ActiveCfg = Release|Any CPU
		{C29320BA-470F-46D4-AFFD-2D3B3A6E2040}.Release|Mixed Platforms.Build.0 = Release|Any CPU
		{C29320BA-470F-46D4-AFFD-2D3B3A6E2040}.Release|x64.ActiveCfg = Release|Any CPU
		{C29320BA-470F-46D4-AFFD-2D3B3A6E2040}.Release|x64.Build.0 = Release|Any CPU
		{C29320BA-470F-46D4-AFFD-2D3B3A6E2040}.Release|x86.ActiveCfg = Release|Any CPU
		{C29320BA-470F-46D4-AFFD-2D3B3A6E2040}.Release|x86.Build.0 = Release|Any CPU
		{802F43E2-4213-4EC6-8322-5F588457AA60}.Debug|Any CPU.ActiveCfg = Debug|Any CPU
		{802F43E2-4213-4EC6-8322-5F588457AA60}.Debug|Any CPU.Build.0 = Debug|Any CPU
		{802F43E2-4213-4EC6-8322-5F588457AA60}.Debug|Mixed.ActiveCfg = Debug|Any CPU
		{802F43E2-4213-4EC6-8322-5F588457AA60}.Debug|Mixed.Build.0 = Debug|Any CPU
		{802F43E2-4213-4EC6-8322-5F588457AA60}.Debug|Mixed Platforms.ActiveCfg = Debug|Any CPU
		{802F43E2-4213-4EC6-8322-5F588457AA60}.Debug|Mixed Platforms.Build.0 = Debug|Any CPU
		{802F43E2-4213-4EC6-8322-5F588457AA60}.Debug|x64.ActiveCfg = Debug|Any CPU
		{802F43E2-4213-4EC6-8322-5F588457AA60}.Debug|x64.Build.0 = Debug|Any CPU
		{802F43E2-4213-4EC6-8322-5F588457AA60}.Debug|x86.ActiveCfg = Debug|Any CPU
		{802F43E2-4213-4EC6-8322-5F588457AA60}.Debug|x86.Build.0 = Debug|Any CPU
		{802F43E2-4213-4EC6-8322-5F588457AA60}.Release|Any CPU.ActiveCfg = Release|Any CPU
		{802F43E2-4213-4EC6-8322-5F588457AA60}.Release|Any CPU.Build.0 = Release|Any CPU
		{802F43E2-4213-4EC6-8322-5F588457AA60}.Release|Mixed.ActiveCfg = Release|Any CPU
		{802F43E2-4213-4EC6-8322-5F588457AA60}.Release|Mixed.Build.0 = Release|Any CPU
		{802F43E2-4213-4EC6-8322-5F588457AA60}.Release|Mixed Platforms.ActiveCfg = Release|Any CPU
		{802F43E2-4213-4EC6-8322-5F588457AA60}.Release|Mixed Platforms.Build.0 = Release|Any CPU
		{802F43E2-4213-4EC6-8322-5F588457AA60}.Release|x64.ActiveCfg = Release|Any CPU
		{802F43E2-4213-4EC6-8322-5F588457AA60}.Release|x64.Build.0 = Release|Any CPU
		{802F43E2-4213-4EC6-8322-5F588457AA60}.Release|x86.ActiveCfg = Release|Any CPU
		{802F43E2-4213-4EC6-8322-5F588457AA60}.Release|x86.Build.0 = Release|Any CPU
		{3B955C40-0BBC-4682-80B1-B43A7DAEE7EC}.Debug|Any CPU.ActiveCfg = Debug|Any CPU
		{3B955C40-0BBC-4682-80B1-B43A7DAEE7EC}.Debug|Any CPU.Build.0 = Debug|Any CPU
		{3B955C40-0BBC-4682-80B1-B43A7DAEE7EC}.Debug|Mixed.ActiveCfg = Debug|Any CPU
		{3B955C40-0BBC-4682-80B1-B43A7DAEE7EC}.Debug|Mixed.Build.0 = Debug|Any CPU
		{3B955C40-0BBC-4682-80B1-B43A7DAEE7EC}.Debug|Mixed Platforms.ActiveCfg = Debug|Any CPU
		{3B955C40-0BBC-4682-80B1-B43A7DAEE7EC}.Debug|Mixed Platforms.Build.0 = Debug|Any CPU
		{3B955C40-0BBC-4682-80B1-B43A7DAEE7EC}.Debug|x64.ActiveCfg = Debug|Any CPU
		{3B955C40-0BBC-4682-80B1-B43A7DAEE7EC}.Debug|x64.Build.0 = Debug|Any CPU
		{3B955C40-0BBC-4682-80B1-B43A7DAEE7EC}.Debug|x86.ActiveCfg = Debug|Any CPU
		{3B955C40-0BBC-4682-80B1-B43A7DAEE7EC}.Debug|x86.Build.0 = Debug|Any CPU
		{3B955C40-0BBC-4682-80B1-B43A7DAEE7EC}.Release|Any CPU.ActiveCfg = Release|Any CPU
		{3B955C40-0BBC-4682-80B1-B43A7DAEE7EC}.Release|Any CPU.Build.0 = Release|Any CPU
		{3B955C40-0BBC-4682-80B1-B43A7DAEE7EC}.Release|Mixed.ActiveCfg = Release|Any CPU
		{3B955C40-0BBC-4682-80B1-B43A7DAEE7EC}.Release|Mixed.Build.0 = Release|Any CPU
		{3B955C40-0BBC-4682-80B1-B43A7DAEE7EC}.Release|Mixed Platforms.ActiveCfg = Release|Any CPU
		{3B955C40-0BBC-4682-80B1-B43A7DAEE7EC}.Release|Mixed Platforms.Build.0 = Release|Any CPU
		{3B955C40-0BBC-4682-80B1-B43A7DAEE7EC}.Release|x64.ActiveCfg = Release|Any CPU
		{3B955C40-0BBC-4682-80B1-B43A7DAEE7EC}.Release|x64.Build.0 = Release|Any CPU
		{3B955C40-0BBC-4682-80B1-B43A7DAEE7EC}.Release|x86.ActiveCfg = Release|Any CPU
		{3B955C40-0BBC-4682-80B1-B43A7DAEE7EC}.Release|x86.Build.0 = Release|Any CPU
		{E7E187DD-EEEA-4596-8505-480B9B826EF5}.Debug|Any CPU.ActiveCfg = Debug|Any CPU
		{E7E187DD-EEEA-4596-8505-480B9B826EF5}.Debug|Any CPU.Build.0 = Debug|Any CPU
		{E7E187DD-EEEA-4596-8505-480B9B826EF5}.Debug|Mixed.ActiveCfg = Debug|Any CPU
		{E7E187DD-EEEA-4596-8505-480B9B826EF5}.Debug|Mixed.Build.0 = Debug|Any CPU
		{E7E187DD-EEEA-4596-8505-480B9B826EF5}.Debug|Mixed Platforms.ActiveCfg = Debug|Any CPU
		{E7E187DD-EEEA-4596-8505-480B9B826EF5}.Debug|Mixed Platforms.Build.0 = Debug|Any CPU
		{E7E187DD-EEEA-4596-8505-480B9B826EF5}.Debug|x64.ActiveCfg = Debug|Any CPU
		{E7E187DD-EEEA-4596-8505-480B9B826EF5}.Debug|x64.Build.0 = Debug|Any CPU
		{E7E187DD-EEEA-4596-8505-480B9B826EF5}.Debug|x86.ActiveCfg = Debug|Any CPU
		{E7E187DD-EEEA-4596-8505-480B9B826EF5}.Debug|x86.Build.0 = Debug|Any CPU
		{E7E187DD-EEEA-4596-8505-480B9B826EF5}.Release|Any CPU.ActiveCfg = Release|Any CPU
		{E7E187DD-EEEA-4596-8505-480B9B826EF5}.Release|Any CPU.Build.0 = Release|Any CPU
		{E7E187DD-EEEA-4596-8505-480B9B826EF5}.Release|Mixed.ActiveCfg = Release|Any CPU
		{E7E187DD-EEEA-4596-8505-480B9B826EF5}.Release|Mixed.Build.0 = Release|Any CPU
		{E7E187DD-EEEA-4596-8505-480B9B826EF5}.Release|Mixed Platforms.ActiveCfg = Release|Any CPU
		{E7E187DD-EEEA-4596-8505-480B9B826EF5}.Release|Mixed Platforms.Build.0 = Release|Any CPU
		{E7E187DD-EEEA-4596-8505-480B9B826EF5}.Release|x64.ActiveCfg = Release|Any CPU
		{E7E187DD-EEEA-4596-8505-480B9B826EF5}.Release|x64.Build.0 = Release|Any CPU
		{E7E187DD-EEEA-4596-8505-480B9B826EF5}.Release|x86.ActiveCfg = Release|Any CPU
		{E7E187DD-EEEA-4596-8505-480B9B826EF5}.Release|x86.Build.0 = Release|Any CPU
	EndGlobalSection
	GlobalSection(SolutionProperties) = preSolution
		HideSolutionNode = FALSE
	EndGlobalSection
	GlobalSection(NestedProjects) = preSolution
		{B158E3F6-DE87-4B5B-B4AA-8580B55A6F5B} = {507C0D83-3E4A-4B08-9550-653124D22E6D}
		{A39061F1-6963-44F0-B531-CAD8F82B4E38} = {8E363EDF-2B7D-467D-A35B-36892B35C959}
		{266025D0-2558-4D53-879B-EDA2D19B0E1A} = {507C0D83-3E4A-4B08-9550-653124D22E6D}
		{8985E2F7-E6A7-415D-B21D-AF0DB4990B5F} = {507C0D83-3E4A-4B08-9550-653124D22E6D}
		{2365913A-8453-426E-9B97-82FA7A6AC0BC} = {507C0D83-3E4A-4B08-9550-653124D22E6D}
		{D33C01D3-3DBA-4782-8A49-F0B98033F5C5} = {507C0D83-3E4A-4B08-9550-653124D22E6D}
		{C3EA8831-5206-455A-ABD9-6B1397A80F88} = {507C0D83-3E4A-4B08-9550-653124D22E6D}
		{3ED2BFAD-8858-43B1-9C16-00BB331497EF} = {507C0D83-3E4A-4B08-9550-653124D22E6D}
		{D03CBDA1-0E31-49B0-8F65-08AFD4ECC8E9} = {507C0D83-3E4A-4B08-9550-653124D22E6D}
		{6082ADCF-FD9E-411B-B8E0-82DDB4ECDF08} = {8E363EDF-2B7D-467D-A35B-36892B35C959}
		{D6D58051-13C1-40CC-9185-B77EECDE756F} = {507C0D83-3E4A-4B08-9550-653124D22E6D}
		{79C5A5AE-A8BA-42B2-8865-198C60D210F6} = {507C0D83-3E4A-4B08-9550-653124D22E6D}
		{32C66945-7E01-4E13-9542-3DAADAC58E31} = {8E363EDF-2B7D-467D-A35B-36892B35C959}
		{BC04B7C1-508C-4519-97C7-69DC71C0565F} = {8E363EDF-2B7D-467D-A35B-36892B35C959}
		{C29320BA-470F-46D4-AFFD-2D3B3A6E2040} = {8E363EDF-2B7D-467D-A35B-36892B35C959}
		{802F43E2-4213-4EC6-8322-5F588457AA60} = {507C0D83-3E4A-4B08-9550-653124D22E6D}
		{3B955C40-0BBC-4682-80B1-B43A7DAEE7EC} = {507C0D83-3E4A-4B08-9550-653124D22E6D}
		{E7E187DD-EEEA-4596-8505-480B9B826EF5} = {8E363EDF-2B7D-467D-A35B-36892B35C959}
	EndGlobalSection
	GlobalSection(ExtensibilityGlobals) = postSolution
		SolutionGuid = {5B06FD82-AA10-40E9-9392-03FA5CB97720}
		RESX_NeutralResourcesLanguage = en-US
	EndGlobalSection
EndGlobal
